<?xml version="1.0" encoding="utf-8"?>
<Project ToolsVersion="4.0" xmlns="http://schemas.microsoft.com/developer/msbuild/2003">
  <ItemGroup>
    <Filter Include="Headers">
      <UniqueIdentifier>{871ade0a-b1e4-46d8-a218-2fda696a4da6}</UniqueIdentifier>
    </Filter>
    <Filter Include="Source">
      <UniqueIdentifier>{cc79704f-5bf7-4f90-af13-8909a7e9eb84}</UniqueIdentifier>
    </Filter>
  </ItemGroup>
  <ItemGroup>
    <ClInclude Include="include\image.h">
      <Filter>Headers</Filter>
    </ClInclude>
  </ItemGroup>
  <ItemGroup>
    <ClCompile Include="src\fctComp.cpp">
      <Filter>Source</Filter>
    </ClCompile>
    <ClCompile Include="src\image.cpp">
      <Filter>Source</Filter>
    </ClCompile>
    <ClCompile Include="src\main.cpp">
      <Filter>Source</Filter>
    </ClCompile>
    <ClCompile Include="src\pretraitement.cpp">
      <Filter>Source</Filter>
    </ClCompile>
    <ClCompile Include="src\Affichage.cpp">
      <Filter>Source</Filter>
    </ClCompile>
    <ClCompile Include="src\caracteristique.cpp">
      <Filter>Source</Filter>
    </ClCompile>
    <ClCompile Include="src\descripteur.cpp">
      <Filter>Source</Filter>
    </ClCompile>
  </ItemGroup>
</Project>